
Microsoft Visual Studio Solution File, Format Version 12.00
# Visual Studio Version 17
VisualStudioVersion = 17.7.34024.191
MinimumVisualStudioVersion = 10.0.40219.1
Project("{8BC9CEB8-8B4A-11D0-8D11-00A0C91BC942}") = "思政测试题目随机版", "思政测试题目随机版.vcxproj", "{26BDD039-1281-46A1-8396-C4198DED94DE}"
EndProject
Global
	GlobalSection(SolutionConfigurationPlatforms) = preSolution
		Debug|x64 = Debug|x64
		Debug|x86 = Debug|x86
		Release|x64 = Release|x64
		Release|x86 = Release|x86
	EndGlobalSection
	GlobalSection(ProjectConfigurationPlatforms) = postSolution
		{26BDD039-1281-46A1-8396-C4198DED94DE}.Debug|x64.ActiveCfg = Debug|x64
		{26BDD039-1281-46A1-8396-C4198DED94DE}.Debug|x64.Build.0 = Debug|x64
		{26BDD039-1281-46A1-8396-C4198DED94DE}.Debug|x86.ActiveCfg = Debug|Win32
		{26BDD039-1281-46A1-8396-C4198DED94DE}.Debug|x86.Build.0 = Debug|Win32
		{26BDD039-1281-46A1-8396-C4198DED94DE}.Release|x64.ActiveCfg = Release|x64
		{26BDD039-1281-46A1-8396-C4198DED94DE}.Release|x64.Build.0 = Release|x64
		{26BDD039-1281-46A1-8396-C4198DED94DE}.Release|x86.ActiveCfg = Release|Win32
		{26BDD039-1281-46A1-8396-C4198DED94DE}.Release|x86.Build.0 = Release|Win32
	EndGlobalSection
	GlobalSection(SolutionProperties) = preSolution
		HideSolutionNode = FALSE
	EndGlobalSection
	GlobalSection(ExtensibilityGlobals) = postSolution
		SolutionGuid = {391C2FF4-F19C-48C7-A825-EE9C6AF905FD}
	EndGlobalSection
EndGlobal
